<?xml version="1.0" encoding="UTF-8"?>
<CodeBlocks_project_file>
	<FileVersion major="1" minor="6"/>
	<Project>
		<Option title="ZERO"/>
		<Option makefile_is_custom="1"/>
		<Option compiler="gcc"/>
		<Option virtualFolders="CMake Files\;CMake Files\cmake\;CMake Files\src\;CMake Files\src\support\;CMake Files\lib\;CMake Files\lib\conda\;CMake Files\lib\conda\lib\;CMake Files\lib\conda\lib\cmake\;CMake Files\lib\conda\lib\cmake\Boost-1.80.0\;CMake Files\lib\conda\lib\cmake\boost_headers-1.80.0\;CMake Files\lib\conda\lib\cmake\boost_program_options-1.80.0\;CMake Files\lib\conda\lib\cmake\boost_unit_test_framework-1.80.0\;CMake Files\lib\conda\share\;CMake Files\lib\conda\share\Armadillo\;CMake Files\lib\conda\share\Armadillo\CMake\;CMake Files\lib\CustomCoin\;CMake Files\lib\CustomCoin\include\;"/>
		<Build>
			<Target title="all">
				<Option working_dir="/home/dugalo/ZERO"/>
				<Option type="4"/>
				<MakeCommands>
					<Build command="/usr/bin/gmake -f &quot;/home/dugalo/ZERO/Makefile&quot;  VERBOSE=1 all"/>
					<CompileFile command="/usr/bin/gmake -f &quot;/home/dugalo/ZERO/Makefile&quot;  VERBOSE=1 &quot;$file&quot;"/>
					<Clean command="/usr/bin/gmake -f &quot;/home/dugalo/ZERO/Makefile&quot;  VERBOSE=1 clean"/>
					<DistClean command="/usr/bin/gmake -f &quot;/home/dugalo/ZERO/Makefile&quot;  VERBOSE=1 clean"/>
				</MakeCommands>
			</Target>
			<Target title="edit_cache">
				<Option working_dir="/home/dugalo/ZERO"/>
				<Option type="4"/>
				<MakeCommands>
					<Build command="/usr/bin/gmake -f &quot;/home/dugalo/ZERO/Makefile&quot;  VERBOSE=1 edit_cache"/>
					<CompileFile command="/usr/bin/gmake -f &quot;/home/dugalo/ZERO/Makefile&quot;  VERBOSE=1 &quot;$file&quot;"/>
					<Clean command="/usr/bin/gmake -f &quot;/home/dugalo/ZERO/Makefile&quot;  VERBOSE=1 clean"/>
					<DistClean command="/usr/bin/gmake -f &quot;/home/dugalo/ZERO/Makefile&quot;  VERBOSE=1 clean"/>
				</MakeCommands>
			</Target>
			<Target title="UCPExample">
				<Option output="/home/dugalo/ZERO/bin/UCPExample" prefix_auto="0" extension_auto="0"/>
				<Option working_dir="/home/dugalo/ZERO/bin"/>
				<Option object_output="./"/>
				<Option type="1"/>
				<Option compiler="gcc"/>
				<Compiler>
					<Add option="-DLOGURU_WITH_STREAMS=1"/>
					<Add directory="/home/dugalo/ZERO/lib/CustomCoin"/>
					<Add directory="/home/gurobi/9.5.0/linux64/include"/>
					<Add directory="/home/dugalo/ZERO/include"/>
					<Add directory="/home/dugalo/ZERO/lib/path/include"/>
					<Add directory="/home/dugalo/ZERO/lib/loguru"/>
					<Add directory="/home/dugalo/ZERO/lib/conda/include"/>
				</Compiler>
				<MakeCommands>
					<Build command="/usr/bin/gmake -f &quot;/home/dugalo/ZERO/Makefile&quot;  VERBOSE=1 UCPExample"/>
					<CompileFile command="/usr/bin/gmake -f &quot;/home/dugalo/ZERO/Makefile&quot;  VERBOSE=1 &quot;$file&quot;"/>
					<Clean command="/usr/bin/gmake -f &quot;/home/dugalo/ZERO/Makefile&quot;  VERBOSE=1 clean"/>
					<DistClean command="/usr/bin/gmake -f &quot;/home/dugalo/ZERO/Makefile&quot;  VERBOSE=1 clean"/>
				</MakeCommands>
			</Target>
			<Target title="UCPExample/fast">
				<Option output="/home/dugalo/ZERO/bin/UCPExample" prefix_auto="0" extension_auto="0"/>
				<Option working_dir="/home/dugalo/ZERO/bin"/>
				<Option object_output="./"/>
				<Option type="1"/>
				<Option compiler="gcc"/>
				<Compiler>
					<Add option="-DLOGURU_WITH_STREAMS=1"/>
					<Add directory="/home/dugalo/ZERO/lib/CustomCoin"/>
					<Add directory="/home/gurobi/9.5.0/linux64/include"/>
					<Add directory="/home/dugalo/ZERO/include"/>
					<Add directory="/home/dugalo/ZERO/lib/path/include"/>
					<Add directory="/home/dugalo/ZERO/lib/loguru"/>
					<Add directory="/home/dugalo/ZERO/lib/conda/include"/>
				</Compiler>
				<MakeCommands>
					<Build command="/usr/bin/gmake -f &quot;/home/dugalo/ZERO/Makefile&quot;  VERBOSE=1 UCPExample/fast"/>
					<CompileFile command="/usr/bin/gmake -f &quot;/home/dugalo/ZERO/Makefile&quot;  VERBOSE=1 &quot;$file&quot;"/>
					<Clean command="/usr/bin/gmake -f &quot;/home/dugalo/ZERO/Makefile&quot;  VERBOSE=1 clean"/>
					<DistClean command="/usr/bin/gmake -f &quot;/home/dugalo/ZERO/Makefile&quot;  VERBOSE=1 clean"/>
				</MakeCommands>
			</Target>
			<Target title="test_instance">
				<Option output="/home/dugalo/ZERO/bin/test_instance" prefix_auto="0" extension_auto="0"/>
				<Option working_dir="/home/dugalo/ZERO/bin"/>
				<Option object_output="./"/>
				<Option type="1"/>
				<Option compiler="gcc"/>
				<Compiler>
					<Add option="-DLOGURU_WITH_STREAMS=1"/>
					<Add directory="/home/dugalo/ZERO/lib/CustomCoin"/>
					<Add directory="/home/gurobi/9.5.0/linux64/include"/>
					<Add directory="/home/dugalo/ZERO/include"/>
					<Add directory="/home/dugalo/ZERO/lib/path/include"/>
					<Add directory="/home/dugalo/ZERO/lib/loguru"/>
					<Add directory="/home/dugalo/ZERO/lib/conda/include"/>
				</Compiler>
				<MakeCommands>
					<Build command="/usr/bin/gmake -f &quot;/home/dugalo/ZERO/Makefile&quot;  VERBOSE=1 test_instance"/>
					<CompileFile command="/usr/bin/gmake -f &quot;/home/dugalo/ZERO/Makefile&quot;  VERBOSE=1 &quot;$file&quot;"/>
					<Clean command="/usr/bin/gmake -f &quot;/home/dugalo/ZERO/Makefile&quot;  VERBOSE=1 clean"/>
					<DistClean command="/usr/bin/gmake -f &quot;/home/dugalo/ZERO/Makefile&quot;  VERBOSE=1 clean"/>
				</MakeCommands>
			</Target>
			<Target title="test_instance/fast">
				<Option output="/home/dugalo/ZERO/bin/test_instance" prefix_auto="0" extension_auto="0"/>
				<Option working_dir="/home/dugalo/ZERO/bin"/>
				<Option object_output="./"/>
				<Option type="1"/>
				<Option compiler="gcc"/>
				<Compiler>
					<Add option="-DLOGURU_WITH_STREAMS=1"/>
					<Add directory="/home/dugalo/ZERO/lib/CustomCoin"/>
					<Add directory="/home/gurobi/9.5.0/linux64/include"/>
					<Add directory="/home/dugalo/ZERO/include"/>
					<Add directory="/home/dugalo/ZERO/lib/path/include"/>
					<Add directory="/home/dugalo/ZERO/lib/loguru"/>
					<Add directory="/home/dugalo/ZERO/lib/conda/include"/>
				</Compiler>
				<MakeCommands>
					<Build command="/usr/bin/gmake -f &quot;/home/dugalo/ZERO/Makefile&quot;  VERBOSE=1 test_instance/fast"/>
					<CompileFile command="/usr/bin/gmake -f &quot;/home/dugalo/ZERO/Makefile&quot;  VERBOSE=1 &quot;$file&quot;"/>
					<Clean command="/usr/bin/gmake -f &quot;/home/dugalo/ZERO/Makefile&quot;  VERBOSE=1 clean"/>
					<DistClean command="/usr/bin/gmake -f &quot;/home/dugalo/ZERO/Makefile&quot;  VERBOSE=1 clean"/>
				</MakeCommands>
			</Target>
			<Target title="rebuild_cache">
				<Option working_dir="/home/dugalo/ZERO"/>
				<Option type="4"/>
				<MakeCommands>
					<Build command="/usr/bin/gmake -f &quot;/home/dugalo/ZERO/Makefile&quot;  VERBOSE=1 rebuild_cache"/>
					<CompileFile command="/usr/bin/gmake -f &quot;/home/dugalo/ZERO/Makefile&quot;  VERBOSE=1 &quot;$file&quot;"/>
					<Clean command="/usr/bin/gmake -f &quot;/home/dugalo/ZERO/Makefile&quot;  VERBOSE=1 clean"/>
					<DistClean command="/usr/bin/gmake -f &quot;/home/dugalo/ZERO/Makefile&quot;  VERBOSE=1 clean"/>
				</MakeCommands>
			</Target>
			<Target title="APL-CSB">
				<Option output="/home/dugalo/ZERO/bin/APL-CSB" prefix_auto="0" extension_auto="0"/>
				<Option working_dir="/home/dugalo/ZERO/bin"/>
				<Option object_output="./"/>
				<Option type="1"/>
				<Option compiler="gcc"/>
				<Compiler>
					<Add option="-DLOGURU_WITH_STREAMS=1"/>
					<Add directory="/home/dugalo/ZERO/lib/CustomCoin"/>
					<Add directory="/home/gurobi/9.5.0/linux64/include"/>
					<Add directory="/home/dugalo/ZERO/include"/>
					<Add directory="/home/dugalo/ZERO/lib/path/include"/>
					<Add directory="/home/dugalo/ZERO/lib/loguru"/>
					<Add directory="/home/dugalo/ZERO/lib/conda/include"/>
				</Compiler>
				<MakeCommands>
					<Build command="/usr/bin/gmake -f &quot;/home/dugalo/ZERO/Makefile&quot;  VERBOSE=1 APL-CSB"/>
					<CompileFile command="/usr/bin/gmake -f &quot;/home/dugalo/ZERO/Makefile&quot;  VERBOSE=1 &quot;$file&quot;"/>
					<Clean command="/usr/bin/gmake -f &quot;/home/dugalo/ZERO/Makefile&quot;  VERBOSE=1 clean"/>
					<DistClean command="/usr/bin/gmake -f &quot;/home/dugalo/ZERO/Makefile&quot;  VERBOSE=1 clean"/>
				</MakeCommands>
			</Target>
			<Target title="APL-CSB/fast">
				<Option output="/home/dugalo/ZERO/bin/APL-CSB" prefix_auto="0" extension_auto="0"/>
				<Option working_dir="/home/dugalo/ZERO/bin"/>
				<Option object_output="./"/>
				<Option type="1"/>
				<Option compiler="gcc"/>
				<Compiler>
					<Add option="-DLOGURU_WITH_STREAMS=1"/>
					<Add directory="/home/dugalo/ZERO/lib/CustomCoin"/>
					<Add directory="/home/gurobi/9.5.0/linux64/include"/>
					<Add directory="/home/dugalo/ZERO/include"/>
					<Add directory="/home/dugalo/ZERO/lib/path/include"/>
					<Add directory="/home/dugalo/ZERO/lib/loguru"/>
					<Add directory="/home/dugalo/ZERO/lib/conda/include"/>
				</Compiler>
				<MakeCommands>
					<Build command="/usr/bin/gmake -f &quot;/home/dugalo/ZERO/Makefile&quot;  VERBOSE=1 APL-CSB/fast"/>
					<CompileFile command="/usr/bin/gmake -f &quot;/home/dugalo/ZERO/Makefile&quot;  VERBOSE=1 &quot;$file&quot;"/>
					<Clean command="/usr/bin/gmake -f &quot;/home/dugalo/ZERO/Makefile&quot;  VERBOSE=1 clean"/>
					<DistClean command="/usr/bin/gmake -f &quot;/home/dugalo/ZERO/Makefile&quot;  VERBOSE=1 clean"/>
				</MakeCommands>
			</Target>
			<Target title="test_instance_with_try">
				<Option output="/home/dugalo/ZERO/bin/test_instance_with_try" prefix_auto="0" extension_auto="0"/>
				<Option working_dir="/home/dugalo/ZERO/bin"/>
				<Option object_output="./"/>
				<Option type="1"/>
				<Option compiler="gcc"/>
				<Compiler>
					<Add option="-DLOGURU_WITH_STREAMS=1"/>
					<Add directory="/home/dugalo/ZERO/lib/CustomCoin"/>
					<Add directory="/home/gurobi/9.5.0/linux64/include"/>
					<Add directory="/home/dugalo/ZERO/include"/>
					<Add directory="/home/dugalo/ZERO/lib/path/include"/>
					<Add directory="/home/dugalo/ZERO/lib/loguru"/>
					<Add directory="/home/dugalo/ZERO/lib/conda/include"/>
				</Compiler>
				<MakeCommands>
					<Build command="/usr/bin/gmake -f &quot;/home/dugalo/ZERO/Makefile&quot;  VERBOSE=1 test_instance_with_try"/>
					<CompileFile command="/usr/bin/gmake -f &quot;/home/dugalo/ZERO/Makefile&quot;  VERBOSE=1 &quot;$file&quot;"/>
					<Clean command="/usr/bin/gmake -f &quot;/home/dugalo/ZERO/Makefile&quot;  VERBOSE=1 clean"/>
					<DistClean command="/usr/bin/gmake -f &quot;/home/dugalo/ZERO/Makefile&quot;  VERBOSE=1 clean"/>
				</MakeCommands>
			</Target>
			<Target title="test_instance_with_try/fast">
				<Option output="/home/dugalo/ZERO/bin/test_instance_with_try" prefix_auto="0" extension_auto="0"/>
				<Option working_dir="/home/dugalo/ZERO/bin"/>
				<Option object_output="./"/>
				<Option type="1"/>
				<Option compiler="gcc"/>
				<Compiler>
					<Add option="-DLOGURU_WITH_STREAMS=1"/>
					<Add directory="/home/dugalo/ZERO/lib/CustomCoin"/>
					<Add directory="/home/gurobi/9.5.0/linux64/include"/>
					<Add directory="/home/dugalo/ZERO/include"/>
					<Add directory="/home/dugalo/ZERO/lib/path/include"/>
					<Add directory="/home/dugalo/ZERO/lib/loguru"/>
					<Add directory="/home/dugalo/ZERO/lib/conda/include"/>
				</Compiler>
				<MakeCommands>
					<Build command="/usr/bin/gmake -f &quot;/home/dugalo/ZERO/Makefile&quot;  VERBOSE=1 test_instance_with_try/fast"/>
					<CompileFile command="/usr/bin/gmake -f &quot;/home/dugalo/ZERO/Makefile&quot;  VERBOSE=1 &quot;$file&quot;"/>
					<Clean command="/usr/bin/gmake -f &quot;/home/dugalo/ZERO/Makefile&quot;  VERBOSE=1 clean"/>
					<DistClean command="/usr/bin/gmake -f &quot;/home/dugalo/ZERO/Makefile&quot;  VERBOSE=1 clean"/>
				</MakeCommands>
			</Target>
			<Target title="IPGTest">
				<Option output="/home/dugalo/ZERO/bin/IPGTest" prefix_auto="0" extension_auto="0"/>
				<Option working_dir="/home/dugalo/ZERO/bin"/>
				<Option object_output="./"/>
				<Option type="1"/>
				<Option compiler="gcc"/>
				<Compiler>
					<Add option="-DLOGURU_WITH_STREAMS=1"/>
					<Add directory="/home/dugalo/ZERO/lib/CustomCoin"/>
					<Add directory="/home/gurobi/9.5.0/linux64/include"/>
					<Add directory="/home/dugalo/ZERO/include"/>
					<Add directory="/home/dugalo/ZERO/lib/path/include"/>
					<Add directory="/home/dugalo/ZERO/lib/loguru"/>
					<Add directory="/home/dugalo/ZERO/lib/conda/include"/>
				</Compiler>
				<MakeCommands>
					<Build command="/usr/bin/gmake -f &quot;/home/dugalo/ZERO/Makefile&quot;  VERBOSE=1 IPGTest"/>
					<CompileFile command="/usr/bin/gmake -f &quot;/home/dugalo/ZERO/Makefile&quot;  VERBOSE=1 &quot;$file&quot;"/>
					<Clean command="/usr/bin/gmake -f &quot;/home/dugalo/ZERO/Makefile&quot;  VERBOSE=1 clean"/>
					<DistClean command="/usr/bin/gmake -f &quot;/home/dugalo/ZERO/Makefile&quot;  VERBOSE=1 clean"/>
				</MakeCommands>
			</Target>
			<Target title="IPGTest/fast">
				<Option output="/home/dugalo/ZERO/bin/IPGTest" prefix_auto="0" extension_auto="0"/>
				<Option working_dir="/home/dugalo/ZERO/bin"/>
				<Option object_output="./"/>
				<Option type="1"/>
				<Option compiler="gcc"/>
				<Compiler>
					<Add option="-DLOGURU_WITH_STREAMS=1"/>
					<Add directory="/home/dugalo/ZERO/lib/CustomCoin"/>
					<Add directory="/home/gurobi/9.5.0/linux64/include"/>
					<Add directory="/home/dugalo/ZERO/include"/>
					<Add directory="/home/dugalo/ZERO/lib/path/include"/>
					<Add directory="/home/dugalo/ZERO/lib/loguru"/>
					<Add directory="/home/dugalo/ZERO/lib/conda/include"/>
				</Compiler>
				<MakeCommands>
					<Build command="/usr/bin/gmake -f &quot;/home/dugalo/ZERO/Makefile&quot;  VERBOSE=1 IPGTest/fast"/>
					<CompileFile command="/usr/bin/gmake -f &quot;/home/dugalo/ZERO/Makefile&quot;  VERBOSE=1 &quot;$file&quot;"/>
					<Clean command="/usr/bin/gmake -f &quot;/home/dugalo/ZERO/Makefile&quot;  VERBOSE=1 clean"/>
					<DistClean command="/usr/bin/gmake -f &quot;/home/dugalo/ZERO/Makefile&quot;  VERBOSE=1 clean"/>
				</MakeCommands>
			</Target>
			<Target title="ZERO">
				<Option output="/home/dugalo/ZERO/libZERO.a" prefix_auto="0" extension_auto="0"/>
				<Option working_dir="/home/dugalo/ZERO"/>
				<Option object_output="./"/>
				<Option type="2"/>
				<Option compiler="gcc"/>
				<Compiler>
					<Add option="-DLOGURU_WITH_STREAMS=1"/>
					<Add directory="/home/dugalo/ZERO/lib/CustomCoin"/>
					<Add directory="/home/gurobi/9.5.0/linux64/include"/>
					<Add directory="/home/dugalo/ZERO/include"/>
					<Add directory="/home/dugalo/ZERO/lib/path/include"/>
					<Add directory="/home/dugalo/ZERO/lib/loguru"/>
					<Add directory="/home/dugalo/ZERO/src"/>
					<Add directory="/home/dugalo/ZERO/lib/conda/include"/>
				</Compiler>
				<MakeCommands>
					<Build command="/usr/bin/gmake -f &quot;/home/dugalo/ZERO/Makefile&quot;  VERBOSE=1 ZERO"/>
					<CompileFile command="/usr/bin/gmake -f &quot;/home/dugalo/ZERO/Makefile&quot;  VERBOSE=1 &quot;$file&quot;"/>
					<Clean command="/usr/bin/gmake -f &quot;/home/dugalo/ZERO/Makefile&quot;  VERBOSE=1 clean"/>
					<DistClean command="/usr/bin/gmake -f &quot;/home/dugalo/ZERO/Makefile&quot;  VERBOSE=1 clean"/>
				</MakeCommands>
			</Target>
			<Target title="ZERO/fast">
				<Option output="/home/dugalo/ZERO/libZERO.a" prefix_auto="0" extension_auto="0"/>
				<Option working_dir="/home/dugalo/ZERO"/>
				<Option object_output="./"/>
				<Option type="2"/>
				<Option compiler="gcc"/>
				<Compiler>
					<Add option="-DLOGURU_WITH_STREAMS=1"/>
					<Add directory="/home/dugalo/ZERO/lib/CustomCoin"/>
					<Add directory="/home/gurobi/9.5.0/linux64/include"/>
					<Add directory="/home/dugalo/ZERO/include"/>
					<Add directory="/home/dugalo/ZERO/lib/path/include"/>
					<Add directory="/home/dugalo/ZERO/lib/loguru"/>
					<Add directory="/home/dugalo/ZERO/src"/>
					<Add directory="/home/dugalo/ZERO/lib/conda/include"/>
				</Compiler>
				<MakeCommands>
					<Build command="/usr/bin/gmake -f &quot;/home/dugalo/ZERO/Makefile&quot;  VERBOSE=1 ZERO/fast"/>
					<CompileFile command="/usr/bin/gmake -f &quot;/home/dugalo/ZERO/Makefile&quot;  VERBOSE=1 &quot;$file&quot;"/>
					<Clean command="/usr/bin/gmake -f &quot;/home/dugalo/ZERO/Makefile&quot;  VERBOSE=1 clean"/>
					<DistClean command="/usr/bin/gmake -f &quot;/home/dugalo/ZERO/Makefile&quot;  VERBOSE=1 clean"/>
				</MakeCommands>
			</Target>
			<Target title="libCustomCoin">
				<Option output="/home/dugalo/ZERO/lib/conda/lib/libCustomCoin.a" prefix_auto="0" extension_auto="0"/>
				<Option working_dir="/home/dugalo/ZERO"/>
				<Option object_output="./"/>
				<Option type="2"/>
				<Option compiler="gcc"/>
				<Compiler>
					<Add option="-DLOGURU_WITH_STREAMS=1"/>
					<Add directory="/home/dugalo/ZERO/lib/conda/include"/>
					<Add directory="/home/dugalo/ZERO/lib/CustomCoin"/>
					<Add directory="/home/gurobi/9.5.0/linux64/include"/>
				</Compiler>
				<MakeCommands>
					<Build command="/usr/bin/gmake -f &quot;/home/dugalo/ZERO/Makefile&quot;  VERBOSE=1 libCustomCoin"/>
					<CompileFile command="/usr/bin/gmake -f &quot;/home/dugalo/ZERO/Makefile&quot;  VERBOSE=1 &quot;$file&quot;"/>
					<Clean command="/usr/bin/gmake -f &quot;/home/dugalo/ZERO/Makefile&quot;  VERBOSE=1 clean"/>
					<DistClean command="/usr/bin/gmake -f &quot;/home/dugalo/ZERO/Makefile&quot;  VERBOSE=1 clean"/>
				</MakeCommands>
			</Target>
			<Target title="libCustomCoin/fast">
				<Option output="/home/dugalo/ZERO/lib/conda/lib/libCustomCoin.a" prefix_auto="0" extension_auto="0"/>
				<Option working_dir="/home/dugalo/ZERO"/>
				<Option object_output="./"/>
				<Option type="2"/>
				<Option compiler="gcc"/>
				<Compiler>
					<Add option="-DLOGURU_WITH_STREAMS=1"/>
					<Add directory="/home/dugalo/ZERO/lib/conda/include"/>
					<Add directory="/home/dugalo/ZERO/lib/CustomCoin"/>
					<Add directory="/home/gurobi/9.5.0/linux64/include"/>
				</Compiler>
				<MakeCommands>
					<Build command="/usr/bin/gmake -f &quot;/home/dugalo/ZERO/Makefile&quot;  VERBOSE=1 libCustomCoin/fast"/>
					<CompileFile command="/usr/bin/gmake -f &quot;/home/dugalo/ZERO/Makefile&quot;  VERBOSE=1 &quot;$file&quot;"/>
					<Clean command="/usr/bin/gmake -f &quot;/home/dugalo/ZERO/Makefile&quot;  VERBOSE=1 clean"/>
					<DistClean command="/usr/bin/gmake -f &quot;/home/dugalo/ZERO/Makefile&quot;  VERBOSE=1 clean"/>
				</MakeCommands>
			</Target>
			<Target title="EPECShell">
				<Option output="/home/dugalo/ZERO/bin/EPECShell" prefix_auto="0" extension_auto="0"/>
				<Option working_dir="/home/dugalo/ZERO/bin"/>
				<Option object_output="./"/>
				<Option type="1"/>
				<Option compiler="gcc"/>
				<Compiler>
					<Add option="-DLOGURU_WITH_STREAMS=1"/>
					<Add option="-DBOOST_PROGRAM_OPTIONS_NO_LIB"/>
					<Add option="-DBOOST_PROGRAM_OPTIONS_DYN_LINK"/>
					<Add option="-DBOOST_UNIT_TEST_FRAMEWORK_NO_LIB"/>
					<Add option="-DBOOST_UNIT_TEST_FRAMEWORK_DYN_LINK"/>
					<Add directory="/home/dugalo/ZERO/lib/CustomCoin"/>
					<Add directory="/home/gurobi/9.5.0/linux64/include"/>
					<Add directory="/home/dugalo/ZERO/include"/>
					<Add directory="/home/dugalo/ZERO/lib/path/include"/>
					<Add directory="/home/dugalo/ZERO/lib/loguru"/>
					<Add directory="/home/dugalo/ZERO/lib/conda/include"/>
				</Compiler>
				<MakeCommands>
					<Build command="/usr/bin/gmake -f &quot;/home/dugalo/ZERO/Makefile&quot;  VERBOSE=1 EPECShell"/>
					<CompileFile command="/usr/bin/gmake -f &quot;/home/dugalo/ZERO/Makefile&quot;  VERBOSE=1 &quot;$file&quot;"/>
					<Clean command="/usr/bin/gmake -f &quot;/home/dugalo/ZERO/Makefile&quot;  VERBOSE=1 clean"/>
					<DistClean command="/usr/bin/gmake -f &quot;/home/dugalo/ZERO/Makefile&quot;  VERBOSE=1 clean"/>
				</MakeCommands>
			</Target>
			<Target title="EPECShell/fast">
				<Option output="/home/dugalo/ZERO/bin/EPECShell" prefix_auto="0" extension_auto="0"/>
				<Option working_dir="/home/dugalo/ZERO/bin"/>
				<Option object_output="./"/>
				<Option type="1"/>
				<Option compiler="gcc"/>
				<Compiler>
					<Add option="-DLOGURU_WITH_STREAMS=1"/>
					<Add option="-DBOOST_PROGRAM_OPTIONS_NO_LIB"/>
					<Add option="-DBOOST_PROGRAM_OPTIONS_DYN_LINK"/>
					<Add option="-DBOOST_UNIT_TEST_FRAMEWORK_NO_LIB"/>
					<Add option="-DBOOST_UNIT_TEST_FRAMEWORK_DYN_LINK"/>
					<Add directory="/home/dugalo/ZERO/lib/CustomCoin"/>
					<Add directory="/home/gurobi/9.5.0/linux64/include"/>
					<Add directory="/home/dugalo/ZERO/include"/>
					<Add directory="/home/dugalo/ZERO/lib/path/include"/>
					<Add directory="/home/dugalo/ZERO/lib/loguru"/>
					<Add directory="/home/dugalo/ZERO/lib/conda/include"/>
				</Compiler>
				<MakeCommands>
					<Build command="/usr/bin/gmake -f &quot;/home/dugalo/ZERO/Makefile&quot;  VERBOSE=1 EPECShell/fast"/>
					<CompileFile command="/usr/bin/gmake -f &quot;/home/dugalo/ZERO/Makefile&quot;  VERBOSE=1 &quot;$file&quot;"/>
					<Clean command="/usr/bin/gmake -f &quot;/home/dugalo/ZERO/Makefile&quot;  VERBOSE=1 clean"/>
					<DistClean command="/usr/bin/gmake -f &quot;/home/dugalo/ZERO/Makefile&quot;  VERBOSE=1 clean"/>
				</MakeCommands>
			</Target>
			<Target title="IPGShell">
				<Option output="/home/dugalo/ZERO/bin/IPGShell" prefix_auto="0" extension_auto="0"/>
				<Option working_dir="/home/dugalo/ZERO/bin"/>
				<Option object_output="./"/>
				<Option type="1"/>
				<Option compiler="gcc"/>
				<Compiler>
					<Add option="-DLOGURU_WITH_STREAMS=1"/>
					<Add option="-DBOOST_PROGRAM_OPTIONS_NO_LIB"/>
					<Add option="-DBOOST_PROGRAM_OPTIONS_DYN_LINK"/>
					<Add directory="/home/dugalo/ZERO/lib/CustomCoin"/>
					<Add directory="/home/gurobi/9.5.0/linux64/include"/>
					<Add directory="/home/dugalo/ZERO/include"/>
					<Add directory="/home/dugalo/ZERO/lib/path/include"/>
					<Add directory="/home/dugalo/ZERO/lib/loguru"/>
					<Add directory="/home/dugalo/ZERO/lib/conda/include"/>
				</Compiler>
				<MakeCommands>
					<Build command="/usr/bin/gmake -f &quot;/home/dugalo/ZERO/Makefile&quot;  VERBOSE=1 IPGShell"/>
					<CompileFile command="/usr/bin/gmake -f &quot;/home/dugalo/ZERO/Makefile&quot;  VERBOSE=1 &quot;$file&quot;"/>
					<Clean command="/usr/bin/gmake -f &quot;/home/dugalo/ZERO/Makefile&quot;  VERBOSE=1 clean"/>
					<DistClean command="/usr/bin/gmake -f &quot;/home/dugalo/ZERO/Makefile&quot;  VERBOSE=1 clean"/>
				</MakeCommands>
			</Target>
			<Target title="IPGShell/fast">
				<Option output="/home/dugalo/ZERO/bin/IPGShell" prefix_auto="0" extension_auto="0"/>
				<Option working_dir="/home/dugalo/ZERO/bin"/>
				<Option object_output="./"/>
				<Option type="1"/>
				<Option compiler="gcc"/>
				<Compiler>
					<Add option="-DLOGURU_WITH_STREAMS=1"/>
					<Add option="-DBOOST_PROGRAM_OPTIONS_NO_LIB"/>
					<Add option="-DBOOST_PROGRAM_OPTIONS_DYN_LINK"/>
					<Add directory="/home/dugalo/ZERO/lib/CustomCoin"/>
					<Add directory="/home/gurobi/9.5.0/linux64/include"/>
					<Add directory="/home/dugalo/ZERO/include"/>
					<Add directory="/home/dugalo/ZERO/lib/path/include"/>
					<Add directory="/home/dugalo/ZERO/lib/loguru"/>
					<Add directory="/home/dugalo/ZERO/lib/conda/include"/>
				</Compiler>
				<MakeCommands>
					<Build command="/usr/bin/gmake -f &quot;/home/dugalo/ZERO/Makefile&quot;  VERBOSE=1 IPGShell/fast"/>
					<CompileFile command="/usr/bin/gmake -f &quot;/home/dugalo/ZERO/Makefile&quot;  VERBOSE=1 &quot;$file&quot;"/>
					<Clean command="/usr/bin/gmake -f &quot;/home/dugalo/ZERO/Makefile&quot;  VERBOSE=1 clean"/>
					<DistClean command="/usr/bin/gmake -f &quot;/home/dugalo/ZERO/Makefile&quot;  VERBOSE=1 clean"/>
				</MakeCommands>
			</Target>
			<Target title="ZEROTests">
				<Option output="/home/dugalo/ZERO/bin/ZEROTests" prefix_auto="0" extension_auto="0"/>
				<Option working_dir="/home/dugalo/ZERO/bin"/>
				<Option object_output="./"/>
				<Option type="1"/>
				<Option compiler="gcc"/>
				<Compiler>
					<Add option="-DBOOST_ALL_DYN_LINK"/>
					<Add option="-DLOGURU_WITH_STREAMS=1"/>
					<Add option="-DBOOST_UNIT_TEST_FRAMEWORK_NO_LIB"/>
					<Add option="-DBOOST_UNIT_TEST_FRAMEWORK_DYN_LINK"/>
					<Add directory="/home/dugalo/ZERO/lib/CustomCoin"/>
					<Add directory="/home/gurobi/9.5.0/linux64/include"/>
					<Add directory="/home/dugalo/ZERO/include"/>
					<Add directory="/home/dugalo/ZERO/lib/path/include"/>
					<Add directory="/home/dugalo/ZERO/lib/loguru"/>
					<Add directory="/home/dugalo/ZERO/lib/conda/include"/>
				</Compiler>
				<MakeCommands>
					<Build command="/usr/bin/gmake -f &quot;/home/dugalo/ZERO/Makefile&quot;  VERBOSE=1 ZEROTests"/>
					<CompileFile command="/usr/bin/gmake -f &quot;/home/dugalo/ZERO/Makefile&quot;  VERBOSE=1 &quot;$file&quot;"/>
					<Clean command="/usr/bin/gmake -f &quot;/home/dugalo/ZERO/Makefile&quot;  VERBOSE=1 clean"/>
					<DistClean command="/usr/bin/gmake -f &quot;/home/dugalo/ZERO/Makefile&quot;  VERBOSE=1 clean"/>
				</MakeCommands>
			</Target>
			<Target title="ZEROTests/fast">
				<Option output="/home/dugalo/ZERO/bin/ZEROTests" prefix_auto="0" extension_auto="0"/>
				<Option working_dir="/home/dugalo/ZERO/bin"/>
				<Option object_output="./"/>
				<Option type="1"/>
				<Option compiler="gcc"/>
				<Compiler>
					<Add option="-DBOOST_ALL_DYN_LINK"/>
					<Add option="-DLOGURU_WITH_STREAMS=1"/>
					<Add option="-DBOOST_UNIT_TEST_FRAMEWORK_NO_LIB"/>
					<Add option="-DBOOST_UNIT_TEST_FRAMEWORK_DYN_LINK"/>
					<Add directory="/home/dugalo/ZERO/lib/CustomCoin"/>
					<Add directory="/home/gurobi/9.5.0/linux64/include"/>
					<Add directory="/home/dugalo/ZERO/include"/>
					<Add directory="/home/dugalo/ZERO/lib/path/include"/>
					<Add directory="/home/dugalo/ZERO/lib/loguru"/>
					<Add directory="/home/dugalo/ZERO/lib/conda/include"/>
				</Compiler>
				<MakeCommands>
					<Build command="/usr/bin/gmake -f &quot;/home/dugalo/ZERO/Makefile&quot;  VERBOSE=1 ZEROTests/fast"/>
					<CompileFile command="/usr/bin/gmake -f &quot;/home/dugalo/ZERO/Makefile&quot;  VERBOSE=1 &quot;$file&quot;"/>
					<Clean command="/usr/bin/gmake -f &quot;/home/dugalo/ZERO/Makefile&quot;  VERBOSE=1 clean"/>
					<DistClean command="/usr/bin/gmake -f &quot;/home/dugalo/ZERO/Makefile&quot;  VERBOSE=1 clean"/>
				</MakeCommands>
			</Target>
			<Target title="IPGExample">
				<Option output="/home/dugalo/ZERO/bin/IPGExample" prefix_auto="0" extension_auto="0"/>
				<Option working_dir="/home/dugalo/ZERO/bin"/>
				<Option object_output="./"/>
				<Option type="1"/>
				<Option compiler="gcc"/>
				<Compiler>
					<Add option="-DLOGURU_WITH_STREAMS=1"/>
					<Add directory="/home/dugalo/ZERO/lib/CustomCoin"/>
					<Add directory="/home/gurobi/9.5.0/linux64/include"/>
					<Add directory="/home/dugalo/ZERO/include"/>
					<Add directory="/home/dugalo/ZERO/lib/path/include"/>
					<Add directory="/home/dugalo/ZERO/lib/loguru"/>
					<Add directory="/home/dugalo/ZERO/lib/conda/include"/>
				</Compiler>
				<MakeCommands>
					<Build command="/usr/bin/gmake -f &quot;/home/dugalo/ZERO/Makefile&quot;  VERBOSE=1 IPGExample"/>
					<CompileFile command="/usr/bin/gmake -f &quot;/home/dugalo/ZERO/Makefile&quot;  VERBOSE=1 &quot;$file&quot;"/>
					<Clean command="/usr/bin/gmake -f &quot;/home/dugalo/ZERO/Makefile&quot;  VERBOSE=1 clean"/>
					<DistClean command="/usr/bin/gmake -f &quot;/home/dugalo/ZERO/Makefile&quot;  VERBOSE=1 clean"/>
				</MakeCommands>
			</Target>
			<Target title="IPGExample/fast">
				<Option output="/home/dugalo/ZERO/bin/IPGExample" prefix_auto="0" extension_auto="0"/>
				<Option working_dir="/home/dugalo/ZERO/bin"/>
				<Option object_output="./"/>
				<Option type="1"/>
				<Option compiler="gcc"/>
				<Compiler>
					<Add option="-DLOGURU_WITH_STREAMS=1"/>
					<Add directory="/home/dugalo/ZERO/lib/CustomCoin"/>
					<Add directory="/home/gurobi/9.5.0/linux64/include"/>
					<Add directory="/home/dugalo/ZERO/include"/>
					<Add directory="/home/dugalo/ZERO/lib/path/include"/>
					<Add directory="/home/dugalo/ZERO/lib/loguru"/>
					<Add directory="/home/dugalo/ZERO/lib/conda/include"/>
				</Compiler>
				<MakeCommands>
					<Build command="/usr/bin/gmake -f &quot;/home/dugalo/ZERO/Makefile&quot;  VERBOSE=1 IPGExample/fast"/>
					<CompileFile command="/usr/bin/gmake -f &quot;/home/dugalo/ZERO/Makefile&quot;  VERBOSE=1 &quot;$file&quot;"/>
					<Clean command="/usr/bin/gmake -f &quot;/home/dugalo/ZERO/Makefile&quot;  VERBOSE=1 clean"/>
					<DistClean command="/usr/bin/gmake -f &quot;/home/dugalo/ZERO/Makefile&quot;  VERBOSE=1 clean"/>
				</MakeCommands>
			</Target>
		</Build>
		<Unit filename="/home/dugalo/ZERO/IPG-and-PWL/src/test_appli.cpp">
			<Option target="test_instance"/>
		</Unit>
		<Unit filename="/home/dugalo/ZERO/IPG-and-PWL/src/test_appli_with_try.cpp">
			<Option target="test_instance_with_try"/>
		</Unit>
		<Unit filename="/home/dugalo/ZERO/examples/IPG.cpp">
			<Option target="IPGExample"/>
		</Unit>
		<Unit filename="/home/dugalo/ZERO/examples/UCP.cpp">
			<Option target="UCPExample"/>
		</Unit>
		<Unit filename="/home/dugalo/ZERO/examples/test_CSB.cpp">
			<Option target="APL-CSB"/>
		</Unit>
		<Unit filename="/home/dugalo/ZERO/examples/test_IPG.cpp">
			<Option target="IPGTest"/>
		</Unit>
		<Unit filename="/home/dugalo/ZERO/include/zero.h">
			<Option target="ZERO"/>
		</Unit>
		<Unit filename="/home/dugalo/ZERO/lib/CustomCoin/OsiGrbSolverInterface.cpp">
			<Option target="libCustomCoin"/>
		</Unit>
		<Unit filename="/home/dugalo/ZERO/lib/CustomCoin/OsiGrbSolverInterface.hpp">
			<Option target="libCustomCoin"/>
		</Unit>
		<Unit filename="/home/dugalo/ZERO/lib/loguru/loguru.cpp">
			<Option target="ZERO"/>
		</Unit>
		<Unit filename="/home/dugalo/ZERO/lib/loguru/loguru.hpp">
			<Option target="ZERO"/>
		</Unit>
		<Unit filename="/home/dugalo/ZERO/src/games/algorithms/EPEC/epec_combPNE.cpp">
			<Option target="ZERO"/>
		</Unit>
		<Unit filename="/home/dugalo/ZERO/src/games/algorithms/EPEC/epec_cutandplay.cpp">
			<Option target="ZERO"/>
		</Unit>
		<Unit filename="/home/dugalo/ZERO/src/games/algorithms/EPEC/epec_fullenum.cpp">
			<Option target="ZERO"/>
		</Unit>
		<Unit filename="/home/dugalo/ZERO/src/games/algorithms/EPEC/epec_innerapp.cpp">
			<Option target="ZERO"/>
		</Unit>
		<Unit filename="/home/dugalo/ZERO/src/games/algorithms/EPEC/epec_polybase.cpp">
			<Option target="ZERO"/>
		</Unit>
		<Unit filename="/home/dugalo/ZERO/src/games/algorithms/IPG/ipg_cutandplay.cpp">
			<Option target="ZERO"/>
		</Unit>
		<Unit filename="/home/dugalo/ZERO/src/games/algorithms/IPG/ipg_zeroregrets.cpp">
			<Option target="ZERO"/>
		</Unit>
		<Unit filename="/home/dugalo/ZERO/src/games/epec.cpp">
			<Option target="ZERO"/>
		</Unit>
		<Unit filename="/home/dugalo/ZERO/src/games/ipg.cpp">
			<Option target="ZERO"/>
		</Unit>
		<Unit filename="/home/dugalo/ZERO/src/games/nash.cpp">
			<Option target="ZERO"/>
		</Unit>
		<Unit filename="/home/dugalo/ZERO/src/interfaces/epec_models.cpp">
			<Option target="ZERO"/>
		</Unit>
		<Unit filename="/home/dugalo/ZERO/src/interfaces/ipg_models.cpp">
			<Option target="ZERO"/>
		</Unit>
		<Unit filename="/home/dugalo/ZERO/src/mathopt/lcp/lcp.cpp">
			<Option target="ZERO"/>
		</Unit>
		<Unit filename="/home/dugalo/ZERO/src/mathopt/lcp/poly_lcp.cpp">
			<Option target="ZERO"/>
		</Unit>
		<Unit filename="/home/dugalo/ZERO/src/mathopt/mathopt.cpp">
			<Option target="ZERO"/>
		</Unit>
		<Unit filename="/home/dugalo/ZERO/src/mathopt/mp_param/ip_param.cpp">
			<Option target="ZERO"/>
		</Unit>
		<Unit filename="/home/dugalo/ZERO/src/mathopt/mp_param/mp_param.cpp">
			<Option target="ZERO"/>
		</Unit>
		<Unit filename="/home/dugalo/ZERO/src/mathopt/mp_param/qp_param.cpp">
			<Option target="ZERO"/>
		</Unit>
		<Unit filename="/home/dugalo/ZERO/src/shells/epec.cpp">
			<Option target="EPECShell"/>
		</Unit>
		<Unit filename="/home/dugalo/ZERO/src/shells/ipg.cpp">
			<Option target="IPGShell"/>
		</Unit>
		<Unit filename="/home/dugalo/ZERO/src/solvers/PathSolver.cpp">
			<Option target="ZERO"/>
		</Unit>
		<Unit filename="/home/dugalo/ZERO/src/support/codes.cpp">
			<Option target="ZERO"/>
		</Unit>
		<Unit filename="/home/dugalo/ZERO/src/support/utils.cpp">
			<Option target="ZERO"/>
		</Unit>
		<Unit filename="/home/dugalo/ZERO/test/core_tests.cpp">
			<Option target="ZEROTests"/>
		</Unit>
		<Unit filename="/home/dugalo/ZERO/test/epec_test.cpp">
			<Option target="ZEROTests"/>
		</Unit>
		<Unit filename="/home/dugalo/ZERO/test/ipg_tests.cpp">
			<Option target="ZEROTests"/>
		</Unit>
		<Unit filename="/home/dugalo/ZERO/test/read_from_armadillo.cpp">
			<Option target="ZERO"/>
		</Unit>
		<Unit filename="/home/dugalo/ZERO/test/tests.cpp">
			<Option target="ZEROTests"/>
		</Unit>
		<Unit filename="/home/dugalo/ZERO/CMakeLists.txt">
			<Option virtualFolder="CMake Files\"/>
		</Unit>
		<Unit filename="/home/dugalo/ZERO/cmake/FindCoin.cmake">
			<Option virtualFolder="CMake Files\cmake\"/>
		</Unit>
		<Unit filename="/home/dugalo/ZERO/cmake/FindConda.cmake">
			<Option virtualFolder="CMake Files\cmake\"/>
		</Unit>
		<Unit filename="/home/dugalo/ZERO/cmake/FindGUROBI.cmake">
			<Option virtualFolder="CMake Files\cmake\"/>
		</Unit>
		<Unit filename="/home/dugalo/ZERO/cmake/FindPATH.cmake">
			<Option virtualFolder="CMake Files\cmake\"/>
		</Unit>
		<Unit filename="/home/dugalo/ZERO/cmake/InstallCustomCoin.cmake">
			<Option virtualFolder="CMake Files\cmake\"/>
		</Unit>
		<Unit filename="/home/dugalo/ZERO/cmake/ZERO.cmake">
			<Option virtualFolder="CMake Files\cmake\"/>
		</Unit>
		<Unit filename="/home/dugalo/ZERO/src/support/CMakeConfig.h.in">
			<Option virtualFolder="CMake Files\src\support\"/>
		</Unit>
		<Unit filename="/home/dugalo/ZERO/lib/conda/lib/cmake/BoostDetectToolset-1.80.0.cmake">
			<Option virtualFolder="CMake Files\lib\conda\lib\cmake\"/>
		</Unit>
		<Unit filename="/home/dugalo/ZERO/lib/conda/lib/cmake/Boost-1.80.0/BoostConfig.cmake">
			<Option virtualFolder="CMake Files\lib\conda\lib\cmake\Boost-1.80.0\"/>
		</Unit>
		<Unit filename="/home/dugalo/ZERO/lib/conda/lib/cmake/Boost-1.80.0/BoostConfigVersion.cmake">
			<Option virtualFolder="CMake Files\lib\conda\lib\cmake\Boost-1.80.0\"/>
		</Unit>
		<Unit filename="/home/dugalo/ZERO/lib/conda/lib/cmake/boost_headers-1.80.0/boost_headers-config-version.cmake">
			<Option virtualFolder="CMake Files\lib\conda\lib\cmake\boost_headers-1.80.0\"/>
		</Unit>
		<Unit filename="/home/dugalo/ZERO/lib/conda/lib/cmake/boost_headers-1.80.0/boost_headers-config.cmake">
			<Option virtualFolder="CMake Files\lib\conda\lib\cmake\boost_headers-1.80.0\"/>
		</Unit>
		<Unit filename="/home/dugalo/ZERO/lib/conda/lib/cmake/boost_program_options-1.80.0/boost_program_options-config-version.cmake">
			<Option virtualFolder="CMake Files\lib\conda\lib\cmake\boost_program_options-1.80.0\"/>
		</Unit>
		<Unit filename="/home/dugalo/ZERO/lib/conda/lib/cmake/boost_program_options-1.80.0/boost_program_options-config.cmake">
			<Option virtualFolder="CMake Files\lib\conda\lib\cmake\boost_program_options-1.80.0\"/>
		</Unit>
		<Unit filename="/home/dugalo/ZERO/lib/conda/lib/cmake/boost_program_options-1.80.0/libboost_program_options-variant-shared.cmake">
			<Option virtualFolder="CMake Files\lib\conda\lib\cmake\boost_program_options-1.80.0\"/>
		</Unit>
		<Unit filename="/home/dugalo/ZERO/lib/conda/lib/cmake/boost_unit_test_framework-1.80.0/boost_unit_test_framework-config-version.cmake">
			<Option virtualFolder="CMake Files\lib\conda\lib\cmake\boost_unit_test_framework-1.80.0\"/>
		</Unit>
		<Unit filename="/home/dugalo/ZERO/lib/conda/lib/cmake/boost_unit_test_framework-1.80.0/boost_unit_test_framework-config.cmake">
			<Option virtualFolder="CMake Files\lib\conda\lib\cmake\boost_unit_test_framework-1.80.0\"/>
		</Unit>
		<Unit filename="/home/dugalo/ZERO/lib/conda/lib/cmake/boost_unit_test_framework-1.80.0/libboost_unit_test_framework-variant-shared.cmake">
			<Option virtualFolder="CMake Files\lib\conda\lib\cmake\boost_unit_test_framework-1.80.0\"/>
		</Unit>
		<Unit filename="/home/dugalo/ZERO/lib/conda/share/Armadillo/CMake/ArmadilloConfig.cmake">
			<Option virtualFolder="CMake Files\lib\conda\share\Armadillo\CMake\"/>
		</Unit>
		<Unit filename="/home/dugalo/ZERO/lib/conda/share/Armadillo/CMake/ArmadilloConfigVersion.cmake">
			<Option virtualFolder="CMake Files\lib\conda\share\Armadillo\CMake\"/>
		</Unit>
		<Unit filename="/home/dugalo/ZERO/lib/conda/share/Armadillo/CMake/ArmadilloLibraryDepends-release.cmake">
			<Option virtualFolder="CMake Files\lib\conda\share\Armadillo\CMake\"/>
		</Unit>
		<Unit filename="/home/dugalo/ZERO/lib/conda/share/Armadillo/CMake/ArmadilloLibraryDepends.cmake">
			<Option virtualFolder="CMake Files\lib\conda\share\Armadillo\CMake\"/>
		</Unit>
		<Unit filename="/home/dugalo/ZERO/lib/CustomCoin/include/OsiGrbSolverInterface.hpp">
			<Option virtualFolder="CMake Files\lib\CustomCoin\include\"/>
		</Unit>
	</Project>
</CodeBlocks_project_file>
